Microsoft Visual Studio Solution File, Format Version 12.00
# Visual Studio Version 17
VisualStudioVersion = 17.5.2.0
MinimumVisualStudioVersion = 10.0.40219.1
Project("{FAE04EC0-301F-11D3-BF4B-00C04F79EFBC}") = "Lab1.App", "Lab1.App.csproj", "{9DC95774-526D-B7A2-620A-D5ADBA3E7AC1}"
EndProject
Global
	GlobalSection(SolutionConfigurationPlatforms) = preSolution
		Debug|Any CPU = Debug|Any CPU
		Release|Any CPU = Release|Any CPU
	EndGlobalSection
	GlobalSection(ProjectConfigurationPlatforms) = postSolution
		{9DC95774-526D-B7A2-620A-D5ADBA3E7AC1}.Debug|Any CPU.ActiveCfg = Debug|Any CPU
		{9DC95774-526D-B7A2-620A-D5ADBA3E7AC1}.Debug|Any CPU.Build.0 = Debug|Any CPU
		{9DC95774-526D-B7A2-620A-D5ADBA3E7AC1}.Release|Any CPU.ActiveCfg = Release|Any CPU
		{9DC95774-526D-B7A2-620A-D5ADBA3E7AC1}.Release|Any CPU.Build.0 = Release|Any CPU
	EndGlobalSection
	GlobalSection(SolutionProperties) = preSolution
		HideSolutionNode = FALSE
	EndGlobalSection
	GlobalSection(ExtensibilityGlobals) = postSolution
		SolutionGuid = {6A674A9F-361B-46BC-9E28-6447C42F90AF}
	EndGlobalSection
EndGlobal
